Microsoft Visual Studio Solution File, Format Version 12.00
# Visual Studio Version 17
VisualStudioVersion = 17.5.2.0
MinimumVisualStudioVersion = 10.0.40219.1
Project("{FAE04EC0-301F-11D3-BF4B-00C04F79EFBC}") = "EcoflowFrontend", "EcoflowFrontend\EcoflowFrontend.csproj", "{B33B27F3-5502-2BE6-6C43-E2656E80C087}"
EndProject
Project("{FAE04EC0-301F-11D3-BF4B-00C04F79EFBC}") = "EcoflowDataHelper", "EcoflowDataCollector\EcoflowDataCollector.csproj", "{DFBD9725-9515-48D5-A17A-F205241348B9}"
EndProject
Project("{FAE04EC0-301F-11D3-BF4B-00C04F79EFBC}") = "EcoflowShared", "EcoflowShared\EcoflowShared.csproj", "{BEB31AAB-DBE8-4FE3-8160-2C0E237936F5}"
EndProject
Global
	GlobalSection(SolutionConfigurationPlatforms) = preSolution
		Debug|Any CPU = Debug|Any CPU
		Release|Any CPU = Release|Any CPU
	EndGlobalSection
	GlobalSection(ProjectConfigurationPlatforms) = postSolution
		{B33B27F3-5502-2BE6-6C43-E2656E80C087}.Debug|Any CPU.ActiveCfg = Debug|Any CPU
		{B33B27F3-5502-2BE6-6C43-E2656E80C087}.Debug|Any CPU.Build.0 = Debug|Any CPU
		{B33B27F3-5502-2BE6-6C43-E2656E80C087}.Release|Any CPU.ActiveCfg = Release|Any CPU
		{B33B27F3-5502-2BE6-6C43-E2656E80C087}.Release|Any CPU.Build.0 = Release|Any CPU
		{DFBD9725-9515-48D5-A17A-F205241348B9}.Debug|Any CPU.ActiveCfg = Debug|Any CPU
		{DFBD9725-9515-48D5-A17A-F205241348B9}.Debug|Any CPU.Build.0 = Debug|Any CPU
		{DFBD9725-9515-48D5-A17A-F205241348B9}.Release|Any CPU.ActiveCfg = Release|Any CPU
		{DFBD9725-9515-48D5-A17A-F205241348B9}.Release|Any CPU.Build.0 = Release|Any CPU
		{BEB31AAB-DBE8-4FE3-8160-2C0E237936F5}.Debug|Any CPU.ActiveCfg = Debug|Any CPU
		{BEB31AAB-DBE8-4FE3-8160-2C0E237936F5}.Debug|Any CPU.Build.0 = Debug|Any CPU
		{BEB31AAB-DBE8-4FE3-8160-2C0E237936F5}.Release|Any CPU.ActiveCfg = Release|Any CPU
		{BEB31AAB-DBE8-4FE3-8160-2C0E237936F5}.Release|Any CPU.Build.0 = Release|Any CPU
	EndGlobalSection
	GlobalSection(SolutionProperties) = preSolution
		HideSolutionNode = FALSE
	EndGlobalSection
	GlobalSection(ExtensibilityGlobals) = postSolution
		SolutionGuid = {27EA091A-3A21-4878-92FB-F7A3A0C16936}
	EndGlobalSection
EndGlobal
